{
  "name": "client",
  "version": "1.0.0",
  "lockfileVersion": 1,
  "requires": true,
  "dependencies": {
    "node-fetch": {
      "version": "2.6.1",
      "resolved": "https://registry.npmjs.org/node-fetch/-/node-fetch-2.6.1.tgz",
      "integrity": "sha512-V4aYg89jEoVRxRb2fJdAg8FHvI7cEyYdVAh94HH0UIK8oJxUfkjlDQN9RbMx+bEjP7+ggMiFRprSti032Oipxw=="
    },
    "systeminformation": {
      "version": "5.6.20",
      "resolved": "https://registry.npmjs.org/systeminformation/-/systeminformation-5.6.20.tgz",
      "integrity": "sha512-rSnsnnY5Xtl7avVb8ebuSiEWtissFGyWN+5HufmLHKlmS60SDOU5V4YBr69Bx7jSiievXH9B6x6SGnoqtA2mgQ=="
    }
  }
}
